
Microsoft Visual Studio Solution File, Format Version 12.00
# Visual Studio Version 16
VisualStudioVersion = 16.0.29503.13
MinimumVisualStudioVersion = 10.0.40219.1
Project("{FAE04EC0-301F-11D3-BF4B-00C04F79EFBC}") = "ke", "ke.csproj", "{7437B8C8-D000-487E-A103-6D90462C34C6}"
EndProject
Global
	GlobalSection(SolutionConfigurationPlatforms) = preSolution
		Debug|Any CPU = Debug|Any CPU
		Release|Any CPU = Release|Any CPU
	EndGlobalSection
	GlobalSection(ProjectConfigurationPlatforms) = postSolution
		{7437B8C8-D000-487E-A103-6D90462C34C6}.Debug|Any CPU.ActiveCfg = Debug|Any CPU
		{7437B8C8-D000-487E-A103-6D90462C34C6}.Debug|Any CPU.Build.0 = Debug|Any CPU
		{7437B8C8-D000-487E-A103-6D90462C34C6}.Release|Any CPU.ActiveCfg = Release|Any CPU
		{7437B8C8-D000-487E-A103-6D90462C34C6}.Release|Any CPU.Build.0 = Release|Any CPU
	EndGlobalSection
	GlobalSection(SolutionProperties) = preSolution
		HideSolutionNode = FALSE
	EndGlobalSection
	GlobalSection(ExtensibilityGlobals) = postSolution
		SolutionGuid = {6B796C08-23C7-42F2-8919-B1AC240D9500}
	EndGlobalSection
EndGlobal
